
Microsoft Visual Studio Solution File, Format Version 12.00
# Visual Studio Version 17
VisualStudioVersion = 17.7.34031.279
MinimumVisualStudioVersion = 10.0.40219.1
Project("{FAE04EC0-301F-11D3-BF4B-00C04F79EFBC}") = "Convertidor_Temperatura", "Convertidor_Temperatura\Convertidor_Temperatura.csproj", "{FCA7150B-FC40-4909-B977-DFD3A4049877}"
EndProject
Global
	GlobalSection(SolutionConfigurationPlatforms) = preSolution
		Debug|Any CPU = Debug|Any CPU
		Release|Any CPU = Release|Any CPU
	EndGlobalSection
	GlobalSection(ProjectConfigurationPlatforms) = postSolution
		{FCA7150B-FC40-4909-B977-DFD3A4049877}.Debug|Any CPU.ActiveCfg = Debug|Any CPU
		{FCA7150B-FC40-4909-B977-DFD3A4049877}.Debug|Any CPU.Build.0 = Debug|Any CPU
		{FCA7150B-FC40-4909-B977-DFD3A4049877}.Release|Any CPU.ActiveCfg = Release|Any CPU
		{FCA7150B-FC40-4909-B977-DFD3A4049877}.Release|Any CPU.Build.0 = Release|Any CPU
	EndGlobalSection
	GlobalSection(SolutionProperties) = preSolution
		HideSolutionNode = FALSE
	EndGlobalSection
	GlobalSection(ExtensibilityGlobals) = postSolution
		SolutionGuid = {8CC916B9-3088-4E6C-AC1F-351482DDC9D1}
	EndGlobalSection
EndGlobal
